
Microsoft Visual Studio Solution File, Format Version 12.00
# Visual Studio 2013
VisualStudioVersion = 12.0.21005.1
MinimumVisualStudioVersion = 10.0.40219.1
Project("{FAE04EC0-301F-11D3-BF4B-00C04F79EFBC}") = "Endpoint", "Endpoint\Endpoint.csproj", "{96F54A60-A3A6-4FE4-892A-796F35E33591}"
EndProject
Project("{FAE04EC0-301F-11D3-BF4B-00C04F79EFBC}") = "Messages", "Messages\Messages.csproj", "{D4C5F2C1-FFEC-4C84-8D3A-D715D572EBD5}"
EndProject
Project("{FAE04EC0-301F-11D3-BF4B-00C04F79EFBC}") = "SenderEndPoint", "SenderEndPoint\SenderEndPoint.csproj", "{EC6CD883-E51E-43C2-8093-D822E8D69ED1}"
EndProject
Project("{FAE04EC0-301F-11D3-BF4B-00C04F79EFBC}") = "MyUnitOfWork", "MyRavenUnitOfWork\MyUnitOfWork.csproj", "{069552C5-A327-4609-A181-133118041993}"
EndProject
Global
	GlobalSection(SolutionConfigurationPlatforms) = preSolution
		Debug|Any CPU = Debug|Any CPU
		Release|Any CPU = Release|Any CPU
	EndGlobalSection
	GlobalSection(ProjectConfigurationPlatforms) = postSolution
		{96F54A60-A3A6-4FE4-892A-796F35E33591}.Debug|Any CPU.ActiveCfg = Debug|Any CPU
		{96F54A60-A3A6-4FE4-892A-796F35E33591}.Debug|Any CPU.Build.0 = Debug|Any CPU
		{96F54A60-A3A6-4FE4-892A-796F35E33591}.Release|Any CPU.ActiveCfg = Release|Any CPU
		{96F54A60-A3A6-4FE4-892A-796F35E33591}.Release|Any CPU.Build.0 = Release|Any CPU
		{D4C5F2C1-FFEC-4C84-8D3A-D715D572EBD5}.Debug|Any CPU.ActiveCfg = Debug|Any CPU
		{D4C5F2C1-FFEC-4C84-8D3A-D715D572EBD5}.Debug|Any CPU.Build.0 = Debug|Any CPU
		{D4C5F2C1-FFEC-4C84-8D3A-D715D572EBD5}.Release|Any CPU.ActiveCfg = Release|Any CPU
		{D4C5F2C1-FFEC-4C84-8D3A-D715D572EBD5}.Release|Any CPU.Build.0 = Release|Any CPU
		{EC6CD883-E51E-43C2-8093-D822E8D69ED1}.Debug|Any CPU.ActiveCfg = Debug|Any CPU
		{EC6CD883-E51E-43C2-8093-D822E8D69ED1}.Debug|Any CPU.Build.0 = Debug|Any CPU
		{EC6CD883-E51E-43C2-8093-D822E8D69ED1}.Release|Any CPU.ActiveCfg = Release|Any CPU
		{EC6CD883-E51E-43C2-8093-D822E8D69ED1}.Release|Any CPU.Build.0 = Release|Any CPU
		{069552C5-A327-4609-A181-133118041993}.Debug|Any CPU.ActiveCfg = Debug|Any CPU
		{069552C5-A327-4609-A181-133118041993}.Debug|Any CPU.Build.0 = Debug|Any CPU
		{069552C5-A327-4609-A181-133118041993}.Release|Any CPU.ActiveCfg = Release|Any CPU
		{069552C5-A327-4609-A181-133118041993}.Release|Any CPU.Build.0 = Release|Any CPU
	EndGlobalSection
	GlobalSection(SolutionProperties) = preSolution
		HideSolutionNode = FALSE
	EndGlobalSection
EndGlobal
