
Microsoft Visual Studio Solution File, Format Version 12.00
# Visual Studio 2013
VisualStudioVersion = 12.0.30501.0
MinimumVisualStudioVersion = 10.0.40219.1
Project("{FAE04EC0-301F-11D3-BF4B-00C04F79EFBC}") = "MonitoringNotifications.ServiceControl.Notifications", "ServiceControl.Notifications\MonitoringNotifications.ServiceControl.Notifications.csproj", "{3C3F3C5B-E7B0-49E9-8905-AD23F7BFF217}"
EndProject
Project("{FAE04EC0-301F-11D3-BF4B-00C04F79EFBC}") = "MonitoringNotifications.Messages", "Messages\MonitoringNotifications.Messages.csproj", "{D4C5F2C1-FFEC-4C84-8D3A-D715D572EBD5}"
EndProject
Project("{FAE04EC0-301F-11D3-BF4B-00C04F79EFBC}") = "MonitoringNotifications.SenderEndPoint", "SenderEndPoint\MonitoringNotifications.SenderEndPoint.csproj", "{EC6CD883-E51E-43C2-8093-D822E8D69ED1}"
EndProject
Project("{FAE04EC0-301F-11D3-BF4B-00C04F79EFBC}") = "MonitoringNotifications.Operations.Notifications.Email", "Operations.Notifications.Email\MonitoringNotifications.Operations.Notifications.Email.csproj", "{7F3422CD-17EA-4F87-B5CB-D2C618F985E9}"
EndProject
Project("{FAE04EC0-301F-11D3-BF4B-00C04F79EFBC}") = "MonitoringNotifications.CustomSerializer", "MonitoringNotifications.CustomSerializer\MonitoringNotifications.CustomSerializer.csproj", "{2666B7A3-3033-4B7E-837E-1870DAA2EA6E}"
EndProject
Global
	GlobalSection(SolutionConfigurationPlatforms) = preSolution
		Debug|Any CPU = Debug|Any CPU
		Release|Any CPU = Release|Any CPU
	EndGlobalSection
	GlobalSection(ProjectConfigurationPlatforms) = postSolution
		{3C3F3C5B-E7B0-49E9-8905-AD23F7BFF217}.Debug|Any CPU.ActiveCfg = Debug|Any CPU
		{3C3F3C5B-E7B0-49E9-8905-AD23F7BFF217}.Debug|Any CPU.Build.0 = Debug|Any CPU
		{3C3F3C5B-E7B0-49E9-8905-AD23F7BFF217}.Release|Any CPU.ActiveCfg = Release|Any CPU
		{3C3F3C5B-E7B0-49E9-8905-AD23F7BFF217}.Release|Any CPU.Build.0 = Release|Any CPU
		{D4C5F2C1-FFEC-4C84-8D3A-D715D572EBD5}.Debug|Any CPU.ActiveCfg = Debug|Any CPU
		{D4C5F2C1-FFEC-4C84-8D3A-D715D572EBD5}.Debug|Any CPU.Build.0 = Debug|Any CPU
		{D4C5F2C1-FFEC-4C84-8D3A-D715D572EBD5}.Release|Any CPU.ActiveCfg = Release|Any CPU
		{D4C5F2C1-FFEC-4C84-8D3A-D715D572EBD5}.Release|Any CPU.Build.0 = Release|Any CPU
		{EC6CD883-E51E-43C2-8093-D822E8D69ED1}.Debug|Any CPU.ActiveCfg = Debug|Any CPU
		{EC6CD883-E51E-43C2-8093-D822E8D69ED1}.Debug|Any CPU.Build.0 = Debug|Any CPU
		{EC6CD883-E51E-43C2-8093-D822E8D69ED1}.Release|Any CPU.ActiveCfg = Release|Any CPU
		{EC6CD883-E51E-43C2-8093-D822E8D69ED1}.Release|Any CPU.Build.0 = Release|Any CPU
		{7F3422CD-17EA-4F87-B5CB-D2C618F985E9}.Debug|Any CPU.ActiveCfg = Debug|Any CPU
		{7F3422CD-17EA-4F87-B5CB-D2C618F985E9}.Debug|Any CPU.Build.0 = Debug|Any CPU
		{7F3422CD-17EA-4F87-B5CB-D2C618F985E9}.Release|Any CPU.ActiveCfg = Release|Any CPU
		{7F3422CD-17EA-4F87-B5CB-D2C618F985E9}.Release|Any CPU.Build.0 = Release|Any CPU
		{2666B7A3-3033-4B7E-837E-1870DAA2EA6E}.Debug|Any CPU.ActiveCfg = Debug|Any CPU
		{2666B7A3-3033-4B7E-837E-1870DAA2EA6E}.Debug|Any CPU.Build.0 = Debug|Any CPU
		{2666B7A3-3033-4B7E-837E-1870DAA2EA6E}.Release|Any CPU.ActiveCfg = Release|Any CPU
		{2666B7A3-3033-4B7E-837E-1870DAA2EA6E}.Release|Any CPU.Build.0 = Release|Any CPU
	EndGlobalSection
	GlobalSection(SolutionProperties) = preSolution
		HideSolutionNode = FALSE
	EndGlobalSection
EndGlobal
