
Microsoft Visual Studio Solution File, Format Version 12.00
# Visual Studio 2012
Project("{2150E333-8FDC-42A3-9474-1A3956D46DE8}") = "Solution Items", "Solution Items", "{DA57C494-E8FB-4C61-B7A5-6595E2C411CC}"
	ProjectSection(SolutionItems) = preProject
		..\..\..\..\..\Code\Github\Samples\ServiceMatrixIntro\Amazon.guidancestate = ..\..\..\..\..\Code\Github\Samples\ServiceMatrixIntro\Amazon.guidancestate
		..\..\..\..\..\Code\Github\Samples\ServiceMatrixIntro\Amazon.slnbldr = ..\..\..\..\..\Code\Github\Samples\ServiceMatrixIntro\Amazon.slnbldr
		..\..\..\..\..\Code\Github\Samples\ServiceMatrixIntro\Endpoints.endpoints = ..\..\..\..\..\Code\Github\Samples\ServiceMatrixIntro\Endpoints.endpoints
	EndProjectSection
EndProject
Project("{2150E333-8FDC-42A3-9474-1A3956D46DE8}") = ".nuget", ".nuget", "{5D8050D8-8AF3-498A-ACA6-D9E6D6794E6D}"
	ProjectSection(SolutionItems) = preProject
		..\..\..\..\..\Code\Github\Samples\ServiceMatrixIntro\.nuget\NuGet.Config = ..\..\..\..\..\Code\Github\Samples\ServiceMatrixIntro\.nuget\NuGet.Config
		..\..\..\..\..\Code\Github\Samples\ServiceMatrixIntro\.nuget\NuGet.exe = ..\..\..\..\..\Code\Github\Samples\ServiceMatrixIntro\.nuget\NuGet.exe
		..\..\..\..\..\Code\Github\Samples\ServiceMatrixIntro\.nuget\NuGet.targets = ..\..\..\..\..\Code\Github\Samples\ServiceMatrixIntro\.nuget\NuGet.targets
	EndProjectSection
EndProject
Project("{FAE04EC0-301F-11D3-BF4B-00C04F79EFBC}") = "Amazon.Contracts", "..\..\..\..\..\Code\Github\Samples\ServiceMatrixIntro\Amazon.Contracts\Amazon.Contracts.csproj", "{1BAFAC67-CE18-4470-A974-2BE6BF3AF51B}"
EndProject
Project("{FAE04EC0-301F-11D3-BF4B-00C04F79EFBC}") = "Amazon.InternalMessages", "..\..\..\..\..\Code\Github\Samples\ServiceMatrixIntro\Amazon.InternalMessages\Amazon.InternalMessages.csproj", "{EAF56EDC-F790-4D9B-9795-CC870F8CD78F}"
EndProject
Project("{FAE04EC0-301F-11D3-BF4B-00C04F79EFBC}") = "Amazon.ECommerce", "..\..\..\..\..\Code\Github\Samples\ServiceMatrixIntro\Amazon.ECommerce\Amazon.ECommerce.csproj", "{621D142C-3F61-4505-B11C-61E12FAE848A}"
EndProject
Project("{FAE04EC0-301F-11D3-BF4B-00C04F79EFBC}") = "Amazon.OrderProcessing", "..\..\..\..\..\Code\Github\Samples\ServiceMatrixIntro\Amazon.OrderProcessing\Amazon.OrderProcessing.csproj", "{64230387-E2FE-4696-AFF2-5542A4CA6A55}"
EndProject
Project("{FAE04EC0-301F-11D3-BF4B-00C04F79EFBC}") = "Amazon.Code", "..\..\..\..\..\Code\Github\Samples\ServiceMatrixIntro\Amazon.Code\Amazon.Code.csproj", "{2A53332B-5930-43D9-BD3B-25939ABFB8A9}"
EndProject
Project("{FAE04EC0-301F-11D3-BF4B-00C04F79EFBC}") = "Amazon.Billing", "..\..\..\..\..\Code\Github\Samples\ServiceMatrixIntro\Amazon.Billing\Amazon.Billing.csproj", "{19E45A6C-54CF-4F10-8EA7-F12F08564411}"
EndProject
Global
	GlobalSection(SolutionConfigurationPlatforms) = preSolution
		Debug|Any CPU = Debug|Any CPU
		Release|Any CPU = Release|Any CPU
	EndGlobalSection
	GlobalSection(ProjectConfigurationPlatforms) = postSolution
		{1BAFAC67-CE18-4470-A974-2BE6BF3AF51B}.Debug|Any CPU.ActiveCfg = Debug|Any CPU
		{1BAFAC67-CE18-4470-A974-2BE6BF3AF51B}.Debug|Any CPU.Build.0 = Debug|Any CPU
		{1BAFAC67-CE18-4470-A974-2BE6BF3AF51B}.Release|Any CPU.ActiveCfg = Release|Any CPU
		{1BAFAC67-CE18-4470-A974-2BE6BF3AF51B}.Release|Any CPU.Build.0 = Release|Any CPU
		{EAF56EDC-F790-4D9B-9795-CC870F8CD78F}.Debug|Any CPU.ActiveCfg = Debug|Any CPU
		{EAF56EDC-F790-4D9B-9795-CC870F8CD78F}.Debug|Any CPU.Build.0 = Debug|Any CPU
		{EAF56EDC-F790-4D9B-9795-CC870F8CD78F}.Release|Any CPU.ActiveCfg = Release|Any CPU
		{EAF56EDC-F790-4D9B-9795-CC870F8CD78F}.Release|Any CPU.Build.0 = Release|Any CPU
		{621D142C-3F61-4505-B11C-61E12FAE848A}.Debug|Any CPU.ActiveCfg = Debug|Any CPU
		{621D142C-3F61-4505-B11C-61E12FAE848A}.Debug|Any CPU.Build.0 = Debug|Any CPU
		{621D142C-3F61-4505-B11C-61E12FAE848A}.Release|Any CPU.ActiveCfg = Release|Any CPU
		{621D142C-3F61-4505-B11C-61E12FAE848A}.Release|Any CPU.Build.0 = Release|Any CPU
		{64230387-E2FE-4696-AFF2-5542A4CA6A55}.Debug|Any CPU.ActiveCfg = Debug|Any CPU
		{64230387-E2FE-4696-AFF2-5542A4CA6A55}.Debug|Any CPU.Build.0 = Debug|Any CPU
		{64230387-E2FE-4696-AFF2-5542A4CA6A55}.Release|Any CPU.ActiveCfg = Release|Any CPU
		{64230387-E2FE-4696-AFF2-5542A4CA6A55}.Release|Any CPU.Build.0 = Release|Any CPU
		{2A53332B-5930-43D9-BD3B-25939ABFB8A9}.Debug|Any CPU.ActiveCfg = Debug|Any CPU
		{2A53332B-5930-43D9-BD3B-25939ABFB8A9}.Release|Any CPU.ActiveCfg = Release|Any CPU
		{19E45A6C-54CF-4F10-8EA7-F12F08564411}.Debug|Any CPU.ActiveCfg = Debug|Any CPU
		{19E45A6C-54CF-4F10-8EA7-F12F08564411}.Debug|Any CPU.Build.0 = Debug|Any CPU
		{19E45A6C-54CF-4F10-8EA7-F12F08564411}.Release|Any CPU.ActiveCfg = Release|Any CPU
		{19E45A6C-54CF-4F10-8EA7-F12F08564411}.Release|Any CPU.Build.0 = Release|Any CPU
	EndGlobalSection
	GlobalSection(SolutionProperties) = preSolution
		HideSolutionNode = FALSE
	EndGlobalSection
	GlobalSection(ExtensibilityGlobals) = postSolution
		GuidanceWorkflows = a5e9f15b-ad7f-4201-851e-186dd8db3bc9:ServiceMatrix Guidance:4.0.0
	EndGlobalSection
EndGlobal
