
Microsoft Visual Studio Solution File, Format Version 12.00
# Visual Studio 2012
Project("{FAE04EC0-301F-11D3-BF4B-00C04F79EFBC}") = "RabbitCompetingConsumers.Subscriber", "RabbitCompetingConsumers.Subscriber\RabbitCompetingConsumers.Subscriber.csproj", "{00E3CF54-CBD9-46A6-8041-DE8DE71315C3}"
EndProject
Project("{FAE04EC0-301F-11D3-BF4B-00C04F79EFBC}") = "RabbitCompetingConsumers.Messages", "RabbitCompetingConsumers.Messages\RabbitCompetingConsumers.Messages.csproj", "{D3C4DF2F-BA97-48C2-99AD-596D50395AE4}"
EndProject
Project("{FAE04EC0-301F-11D3-BF4B-00C04F79EFBC}") = "RabbitCompetingConsumers.WCFReciver", "RabbitCompetingConsumers.WCFReciver\RabbitCompetingConsumers.WCFReciver.csproj", "{A0828525-9001-49B1-97DC-DCDB45C22F66}"
EndProject
Project("{FAE04EC0-301F-11D3-BF4B-00C04F79EFBC}") = "RabbitCompetingConsumers.WCFSender", "RabbitCompetingConsumers.WCFSender\RabbitCompetingConsumers.WCFSender.csproj", "{6A84E33A-FA7E-42C1-A4A9-9BDCB0FD6EA4}"
EndProject
Project("{2150E333-8FDC-42A3-9474-1A3956D46DE8}") = ".nuget", ".nuget", "{6698BD6C-0BB8-4602-B83D-3241C4A088DA}"
	ProjectSection(SolutionItems) = preProject
		.nuget\NuGet.Config = .nuget\NuGet.Config
		.nuget\NuGet.exe = .nuget\NuGet.exe
		.nuget\NuGet.targets = .nuget\NuGet.targets
	EndProjectSection
EndProject
Global
	GlobalSection(SolutionConfigurationPlatforms) = preSolution
		Debug|Any CPU = Debug|Any CPU
		Release|Any CPU = Release|Any CPU
	EndGlobalSection
	GlobalSection(ProjectConfigurationPlatforms) = postSolution
		{00E3CF54-CBD9-46A6-8041-DE8DE71315C3}.Debug|Any CPU.ActiveCfg = Debug|Any CPU
		{00E3CF54-CBD9-46A6-8041-DE8DE71315C3}.Debug|Any CPU.Build.0 = Debug|Any CPU
		{00E3CF54-CBD9-46A6-8041-DE8DE71315C3}.Release|Any CPU.ActiveCfg = Release|Any CPU
		{00E3CF54-CBD9-46A6-8041-DE8DE71315C3}.Release|Any CPU.Build.0 = Release|Any CPU
		{D3C4DF2F-BA97-48C2-99AD-596D50395AE4}.Debug|Any CPU.ActiveCfg = Debug|Any CPU
		{D3C4DF2F-BA97-48C2-99AD-596D50395AE4}.Debug|Any CPU.Build.0 = Debug|Any CPU
		{D3C4DF2F-BA97-48C2-99AD-596D50395AE4}.Release|Any CPU.ActiveCfg = Release|Any CPU
		{D3C4DF2F-BA97-48C2-99AD-596D50395AE4}.Release|Any CPU.Build.0 = Release|Any CPU
		{A0828525-9001-49B1-97DC-DCDB45C22F66}.Debug|Any CPU.ActiveCfg = Debug|Any CPU
		{A0828525-9001-49B1-97DC-DCDB45C22F66}.Debug|Any CPU.Build.0 = Debug|Any CPU
		{A0828525-9001-49B1-97DC-DCDB45C22F66}.Release|Any CPU.ActiveCfg = Release|Any CPU
		{A0828525-9001-49B1-97DC-DCDB45C22F66}.Release|Any CPU.Build.0 = Release|Any CPU
		{6A84E33A-FA7E-42C1-A4A9-9BDCB0FD6EA4}.Debug|Any CPU.ActiveCfg = Debug|Any CPU
		{6A84E33A-FA7E-42C1-A4A9-9BDCB0FD6EA4}.Debug|Any CPU.Build.0 = Debug|Any CPU
		{6A84E33A-FA7E-42C1-A4A9-9BDCB0FD6EA4}.Release|Any CPU.ActiveCfg = Release|Any CPU
		{6A84E33A-FA7E-42C1-A4A9-9BDCB0FD6EA4}.Release|Any CPU.Build.0 = Release|Any CPU
	EndGlobalSection
	GlobalSection(SolutionProperties) = preSolution
		HideSolutionNode = FALSE
	EndGlobalSection
EndGlobal
