
Microsoft Visual Studio Solution File, Format Version 12.00
# Visual Studio 2013
VisualStudioVersion = 12.0.21005.1
MinimumVisualStudioVersion = 10.0.40219.1
Project("{FAE04EC0-301F-11D3-BF4B-00C04F79EFBC}") = "Messages", "Messages\Messages.csproj", "{49282BAD-0AE6-492A-A6D5-B9AF22098DE9}"
EndProject
Project("{FAE04EC0-301F-11D3-BF4B-00C04F79EFBC}") = "Client", "Client\Client.csproj", "{ACDE199B-0A9B-4412-A820-BDA3BB5CFA12}"
EndProject
Project("{FAE04EC0-301F-11D3-BF4B-00C04F79EFBC}") = "Server", "Server\Server.csproj", "{FE76AF08-FAC8-465D-9FDA-14398815941A}"
EndProject
Global
	GlobalSection(SolutionConfigurationPlatforms) = preSolution
		Debug|Any CPU = Debug|Any CPU
		Release|Any CPU = Release|Any CPU
	EndGlobalSection
	GlobalSection(ProjectConfigurationPlatforms) = postSolution
		{49282BAD-0AE6-492A-A6D5-B9AF22098DE9}.Debug|Any CPU.ActiveCfg = Debug|Any CPU
		{49282BAD-0AE6-492A-A6D5-B9AF22098DE9}.Debug|Any CPU.Build.0 = Debug|Any CPU
		{49282BAD-0AE6-492A-A6D5-B9AF22098DE9}.Release|Any CPU.ActiveCfg = Release|Any CPU
		{49282BAD-0AE6-492A-A6D5-B9AF22098DE9}.Release|Any CPU.Build.0 = Release|Any CPU
		{ACDE199B-0A9B-4412-A820-BDA3BB5CFA12}.Debug|Any CPU.ActiveCfg = Debug|Any CPU
		{ACDE199B-0A9B-4412-A820-BDA3BB5CFA12}.Debug|Any CPU.Build.0 = Debug|Any CPU
		{ACDE199B-0A9B-4412-A820-BDA3BB5CFA12}.Release|Any CPU.ActiveCfg = Release|Any CPU
		{ACDE199B-0A9B-4412-A820-BDA3BB5CFA12}.Release|Any CPU.Build.0 = Release|Any CPU
		{FE76AF08-FAC8-465D-9FDA-14398815941A}.Debug|Any CPU.ActiveCfg = Debug|Any CPU
		{FE76AF08-FAC8-465D-9FDA-14398815941A}.Debug|Any CPU.Build.0 = Debug|Any CPU
		{FE76AF08-FAC8-465D-9FDA-14398815941A}.Release|Any CPU.ActiveCfg = Release|Any CPU
		{FE76AF08-FAC8-465D-9FDA-14398815941A}.Release|Any CPU.Build.0 = Release|Any CPU
	EndGlobalSection
	GlobalSection(SolutionProperties) = preSolution
		HideSolutionNode = FALSE
	EndGlobalSection
EndGlobal
