
Microsoft Visual Studio Solution File, Format Version 12.00
# Visual Studio 2013
VisualStudioVersion = 12.0.31101.0
MinimumVisualStudioVersion = 10.0.40219.1
Project("{FAE04EC0-301F-11D3-BF4B-00C04F79EFBC}") = "ExternalContainer.Endpoint", "ExternalContainer.Endpoint\ExternalContainer.Endpoint.csproj", "{A34747B1-526C-470B-ACE8-047C69DCFD85}"
EndProject
Project("{FAE04EC0-301F-11D3-BF4B-00C04F79EFBC}") = "Utilities", "Calculator\Utilities.csproj", "{7B6EDCB7-8B62-4165-ADCB-F69FF1FEF528}"
EndProject
Project("{FAE04EC0-301F-11D3-BF4B-00C04F79EFBC}") = "Messages", "Messages\Messages.csproj", "{158F1D62-7C66-4567-91AD-E3FD4DB4EC63}"
EndProject
Global
	GlobalSection(SolutionConfigurationPlatforms) = preSolution
		Debug|Any CPU = Debug|Any CPU
		Release|Any CPU = Release|Any CPU
	EndGlobalSection
	GlobalSection(ProjectConfigurationPlatforms) = postSolution
		{A34747B1-526C-470B-ACE8-047C69DCFD85}.Debug|Any CPU.ActiveCfg = Debug|Any CPU
		{A34747B1-526C-470B-ACE8-047C69DCFD85}.Debug|Any CPU.Build.0 = Debug|Any CPU
		{A34747B1-526C-470B-ACE8-047C69DCFD85}.Release|Any CPU.ActiveCfg = Release|Any CPU
		{A34747B1-526C-470B-ACE8-047C69DCFD85}.Release|Any CPU.Build.0 = Release|Any CPU
		{7B6EDCB7-8B62-4165-ADCB-F69FF1FEF528}.Debug|Any CPU.ActiveCfg = Debug|Any CPU
		{7B6EDCB7-8B62-4165-ADCB-F69FF1FEF528}.Debug|Any CPU.Build.0 = Debug|Any CPU
		{7B6EDCB7-8B62-4165-ADCB-F69FF1FEF528}.Release|Any CPU.ActiveCfg = Release|Any CPU
		{7B6EDCB7-8B62-4165-ADCB-F69FF1FEF528}.Release|Any CPU.Build.0 = Release|Any CPU
		{158F1D62-7C66-4567-91AD-E3FD4DB4EC63}.Debug|Any CPU.ActiveCfg = Debug|Any CPU
		{158F1D62-7C66-4567-91AD-E3FD4DB4EC63}.Debug|Any CPU.Build.0 = Debug|Any CPU
		{158F1D62-7C66-4567-91AD-E3FD4DB4EC63}.Release|Any CPU.ActiveCfg = Release|Any CPU
		{158F1D62-7C66-4567-91AD-E3FD4DB4EC63}.Release|Any CPU.Build.0 = Release|Any CPU
	EndGlobalSection
	GlobalSection(SolutionProperties) = preSolution
		HideSolutionNode = FALSE
	EndGlobalSection
EndGlobal
